
Microsoft Visual Studio Solution File, Format Version 11.00
# Visual Studio 2010
Project("{FAE04EC0-301F-11D3-BF4B-00C04F79EFBC}") = "prime no", "prime no\prime no.csproj", "{9CF9193F-135D-456E-A70B-1582CDDFC66B}"
EndProject
Global
	GlobalSection(SolutionConfigurationPlatforms) = preSolution
		Debug|x86 = Debug|x86
		Release|x86 = Release|x86
	EndGlobalSection
	GlobalSection(ProjectConfigurationPlatforms) = postSolution
		{9CF9193F-135D-456E-A70B-1582CDDFC66B}.Debug|x86.ActiveCfg = Debug|x86
		{9CF9193F-135D-456E-A70B-1582CDDFC66B}.Debug|x86.Build.0 = Debug|x86
		{9CF9193F-135D-456E-A70B-1582CDDFC66B}.Release|x86.ActiveCfg = Release|x86
		{9CF9193F-135D-456E-A70B-1582CDDFC66B}.Release|x86.Build.0 = Release|x86
	EndGlobalSection
	GlobalSection(SolutionProperties) = preSolution
		HideSolutionNode = FALSE
	EndGlobalSection
EndGlobal
